
Microsoft Visual Studio Solution File, Format Version 11.00
# Visual Studio 2010
Project("{FAE04EC0-301F-11D3-BF4B-00C04F79EFBC}") = "NorthWindDataAccess", "NorthWindDataAccess\NorthWindDataAccess.csproj", "{9FB761E2-9CE9-4FDF-90DD-BF96B3367C48}"
EndProject
Global
	GlobalSection(SolutionConfigurationPlatforms) = preSolution
		Debug|Any CPU = Debug|Any CPU
		Release|Any CPU = Release|Any CPU
	EndGlobalSection
	GlobalSection(ProjectConfigurationPlatforms) = postSolution
		{9FB761E2-9CE9-4FDF-90DD-BF96B3367C48}.Debug|Any CPU.ActiveCfg = Debug|Any CPU
		{9FB761E2-9CE9-4FDF-90DD-BF96B3367C48}.Debug|Any CPU.Build.0 = Debug|Any CPU
		{9FB761E2-9CE9-4FDF-90DD-BF96B3367C48}.Release|Any CPU.ActiveCfg = Release|Any CPU
		{9FB761E2-9CE9-4FDF-90DD-BF96B3367C48}.Release|Any CPU.Build.0 = Release|Any CPU
	EndGlobalSection
	GlobalSection(SolutionProperties) = preSolution
		HideSolutionNode = FALSE
	EndGlobalSection
EndGlobal
